
Microsoft Visual Studio Solution File, Format Version 12.00
# Visual Studio 15
VisualStudioVersion = 15.0.27004.2008
MinimumVisualStudioVersion = 10.0.40219.1
Project("{FAE04EC0-301F-11D3-BF4B-00C04F79EFBC}") = "ConnectionProject", "ConsoleApp2\ConnectionProject.csproj", "{DEFFBF15-5600-4B99-BC39-25BE24DE64DE}"
EndProject
Project("{9A19103F-16F7-4668-BE54-9A1E7A4F7556}") = "Library", "Library\Library.csproj", "{C7A020B0-7C6D-4B37-B41C-BC8D9FB61AC1}"
EndProject
Project("{FAE04EC0-301F-11D3-BF4B-00C04F79EFBC}") = "ProjectViewUWP", "ProjectViewUWP\ProjectViewUWP.csproj", "{49631C5B-2DD1-4526-9FEA-3238DE848F39}"
EndProject
Global
	GlobalSection(SolutionConfigurationPlatforms) = preSolution
		Debug|Any CPU = Debug|Any CPU
		Debug|ARM = Debug|ARM
		Debug|x64 = Debug|x64
		Debug|x86 = Debug|x86
		Release|Any CPU = Release|Any CPU
		Release|ARM = Release|ARM
		Release|x64 = Release|x64
		Release|x86 = Release|x86
	EndGlobalSection
	GlobalSection(ProjectConfigurationPlatforms) = postSolution
		{DEFFBF15-5600-4B99-BC39-25BE24DE64DE}.Debug|Any CPU.ActiveCfg = Debug|Any CPU
		{DEFFBF15-5600-4B99-BC39-25BE24DE64DE}.Debug|Any CPU.Build.0 = Debug|Any CPU
		{DEFFBF15-5600-4B99-BC39-25BE24DE64DE}.Debug|ARM.ActiveCfg = Debug|Any CPU
		{DEFFBF15-5600-4B99-BC39-25BE24DE64DE}.Debug|ARM.Build.0 = Debug|Any CPU
		{DEFFBF15-5600-4B99-BC39-25BE24DE64DE}.Debug|x64.ActiveCfg = Debug|Any CPU
		{DEFFBF15-5600-4B99-BC39-25BE24DE64DE}.Debug|x64.Build.0 = Debug|Any CPU
		{DEFFBF15-5600-4B99-BC39-25BE24DE64DE}.Debug|x86.ActiveCfg = Debug|Any CPU
		{DEFFBF15-5600-4B99-BC39-25BE24DE64DE}.Debug|x86.Build.0 = Debug|Any CPU
		{DEFFBF15-5600-4B99-BC39-25BE24DE64DE}.Release|Any CPU.ActiveCfg = Release|Any CPU
		{DEFFBF15-5600-4B99-BC39-25BE24DE64DE}.Release|Any CPU.Build.0 = Release|Any CPU
		{DEFFBF15-5600-4B99-BC39-25BE24DE64DE}.Release|ARM.ActiveCfg = Release|Any CPU
		{DEFFBF15-5600-4B99-BC39-25BE24DE64DE}.Release|ARM.Build.0 = Release|Any CPU
		{DEFFBF15-5600-4B99-BC39-25BE24DE64DE}.Release|x64.ActiveCfg = Release|Any CPU
		{DEFFBF15-5600-4B99-BC39-25BE24DE64DE}.Release|x64.Build.0 = Release|Any CPU
		{DEFFBF15-5600-4B99-BC39-25BE24DE64DE}.Release|x86.ActiveCfg = Release|Any CPU
		{DEFFBF15-5600-4B99-BC39-25BE24DE64DE}.Release|x86.Build.0 = Release|Any CPU
		{C7A020B0-7C6D-4B37-B41C-BC8D9FB61AC1}.Debug|Any CPU.ActiveCfg = Debug|Any CPU
		{C7A020B0-7C6D-4B37-B41C-BC8D9FB61AC1}.Debug|Any CPU.Build.0 = Debug|Any CPU
		{C7A020B0-7C6D-4B37-B41C-BC8D9FB61AC1}.Debug|ARM.ActiveCfg = Debug|Any CPU
		{C7A020B0-7C6D-4B37-B41C-BC8D9FB61AC1}.Debug|ARM.Build.0 = Debug|Any CPU
		{C7A020B0-7C6D-4B37-B41C-BC8D9FB61AC1}.Debug|x64.ActiveCfg = Debug|Any CPU
		{C7A020B0-7C6D-4B37-B41C-BC8D9FB61AC1}.Debug|x64.Build.0 = Debug|Any CPU
		{C7A020B0-7C6D-4B37-B41C-BC8D9FB61AC1}.Debug|x86.ActiveCfg = Debug|Any CPU
		{C7A020B0-7C6D-4B37-B41C-BC8D9FB61AC1}.Debug|x86.Build.0 = Debug|Any CPU
		{C7A020B0-7C6D-4B37-B41C-BC8D9FB61AC1}.Release|Any CPU.ActiveCfg = Release|Any CPU
		{C7A020B0-7C6D-4B37-B41C-BC8D9FB61AC1}.Release|Any CPU.Build.0 = Release|Any CPU
		{C7A020B0-7C6D-4B37-B41C-BC8D9FB61AC1}.Release|ARM.ActiveCfg = Release|Any CPU
		{C7A020B0-7C6D-4B37-B41C-BC8D9FB61AC1}.Release|ARM.Build.0 = Release|Any CPU
		{C7A020B0-7C6D-4B37-B41C-BC8D9FB61AC1}.Release|x64.ActiveCfg = Release|Any CPU
		{C7A020B0-7C6D-4B37-B41C-BC8D9FB61AC1}.Release|x64.Build.0 = Release|Any CPU
		{C7A020B0-7C6D-4B37-B41C-BC8D9FB61AC1}.Release|x86.ActiveCfg = Release|Any CPU
		{C7A020B0-7C6D-4B37-B41C-BC8D9FB61AC1}.Release|x86.Build.0 = Release|Any CPU
		{49631C5B-2DD1-4526-9FEA-3238DE848F39}.Debug|Any CPU.ActiveCfg = Debug|x86
		{49631C5B-2DD1-4526-9FEA-3238DE848F39}.Debug|Any CPU.Build.0 = Debug|x86
		{49631C5B-2DD1-4526-9FEA-3238DE848F39}.Debug|Any CPU.Deploy.0 = Debug|x86
		{49631C5B-2DD1-4526-9FEA-3238DE848F39}.Debug|ARM.ActiveCfg = Debug|ARM
		{49631C5B-2DD1-4526-9FEA-3238DE848F39}.Debug|ARM.Build.0 = Debug|ARM
		{49631C5B-2DD1-4526-9FEA-3238DE848F39}.Debug|ARM.Deploy.0 = Debug|ARM
		{49631C5B-2DD1-4526-9FEA-3238DE848F39}.Debug|x64.ActiveCfg = Debug|x64
		{49631C5B-2DD1-4526-9FEA-3238DE848F39}.Debug|x64.Build.0 = Debug|x64
		{49631C5B-2DD1-4526-9FEA-3238DE848F39}.Debug|x64.Deploy.0 = Debug|x64
		{49631C5B-2DD1-4526-9FEA-3238DE848F39}.Debug|x86.ActiveCfg = Debug|x86
		{49631C5B-2DD1-4526-9FEA-3238DE848F39}.Debug|x86.Build.0 = Debug|x86
		{49631C5B-2DD1-4526-9FEA-3238DE848F39}.Debug|x86.Deploy.0 = Debug|x86
		{49631C5B-2DD1-4526-9FEA-3238DE848F39}.Release|Any CPU.ActiveCfg = Release|x86
		{49631C5B-2DD1-4526-9FEA-3238DE848F39}.Release|ARM.ActiveCfg = Release|ARM
		{49631C5B-2DD1-4526-9FEA-3238DE848F39}.Release|ARM.Build.0 = Release|ARM
		{49631C5B-2DD1-4526-9FEA-3238DE848F39}.Release|ARM.Deploy.0 = Release|ARM
		{49631C5B-2DD1-4526-9FEA-3238DE848F39}.Release|x64.ActiveCfg = Release|x64
		{49631C5B-2DD1-4526-9FEA-3238DE848F39}.Release|x64.Build.0 = Release|x64
		{49631C5B-2DD1-4526-9FEA-3238DE848F39}.Release|x64.Deploy.0 = Release|x64
		{49631C5B-2DD1-4526-9FEA-3238DE848F39}.Release|x86.ActiveCfg = Release|x86
		{49631C5B-2DD1-4526-9FEA-3238DE848F39}.Release|x86.Build.0 = Release|x86
		{49631C5B-2DD1-4526-9FEA-3238DE848F39}.Release|x86.Deploy.0 = Release|x86
	EndGlobalSection
	GlobalSection(SolutionProperties) = preSolution
		HideSolutionNode = FALSE
	EndGlobalSection
	GlobalSection(ExtensibilityGlobals) = postSolution
		SolutionGuid = {0B0710F3-9607-4B01-AB9B-659E4886AC8A}
	EndGlobalSection
EndGlobal
