
Microsoft Visual Studio Solution File, Format Version 12.00
# Visual Studio 15
VisualStudioVersion = 15.0.27004.2002
MinimumVisualStudioVersion = 10.0.40219.1
Project("{FAE04EC0-301F-11D3-BF4B-00C04F79EFBC}") = "ConnectionProject", "ConsoleApp2\ConnectionProject.csproj", "{DEFFBF15-5600-4B99-BC39-25BE24DE64DE}"
EndProject
Project("{FAE04EC0-301F-11D3-BF4B-00C04F79EFBC}") = "Library", "Library\Library.csproj", "{C7A020B0-7C6D-4B37-B41C-BC8D9FB61AC1}"
EndProject
Global
	GlobalSection(SolutionConfigurationPlatforms) = preSolution
		Debug|Any CPU = Debug|Any CPU
		Release|Any CPU = Release|Any CPU
	EndGlobalSection
	GlobalSection(ProjectConfigurationPlatforms) = postSolution
		{DEFFBF15-5600-4B99-BC39-25BE24DE64DE}.Debug|Any CPU.ActiveCfg = Debug|Any CPU
		{DEFFBF15-5600-4B99-BC39-25BE24DE64DE}.Debug|Any CPU.Build.0 = Debug|Any CPU
		{DEFFBF15-5600-4B99-BC39-25BE24DE64DE}.Release|Any CPU.ActiveCfg = Release|Any CPU
		{DEFFBF15-5600-4B99-BC39-25BE24DE64DE}.Release|Any CPU.Build.0 = Release|Any CPU
		{C7A020B0-7C6D-4B37-B41C-BC8D9FB61AC1}.Debug|Any CPU.ActiveCfg = Debug|Any CPU
		{C7A020B0-7C6D-4B37-B41C-BC8D9FB61AC1}.Debug|Any CPU.Build.0 = Debug|Any CPU
		{C7A020B0-7C6D-4B37-B41C-BC8D9FB61AC1}.Release|Any CPU.ActiveCfg = Release|Any CPU
		{C7A020B0-7C6D-4B37-B41C-BC8D9FB61AC1}.Release|Any CPU.Build.0 = Release|Any CPU
	EndGlobalSection
	GlobalSection(SolutionProperties) = preSolution
		HideSolutionNode = FALSE
	EndGlobalSection
	GlobalSection(ExtensibilityGlobals) = postSolution
		SolutionGuid = {0B0710F3-9607-4B01-AB9B-659E4886AC8A}
	EndGlobalSection
EndGlobal
